
Microsoft Visual Studio Solution File, Format Version 12.00
# Visual Studio Version 17
VisualStudioVersion = 17.0.31903.59
MinimumVisualStudioVersion = 10.0.40219.1
Project("{2150E333-8FDC-42A3-9474-1A3956D46DE8}") = "backend", "backend", "{1AE8ACA6-933B-BF2A-3671-3E2EAC007D16}"
EndProject
Project("{FAE04EC0-301F-11D3-BF4B-00C04F79EFBC}") = "CotadorLogistico.Core", "backend\CotadorLogistico.Core\CotadorLogistico.Core.csproj", "{36B99DBC-E938-4C73-A949-BE67EA26384D}"
EndProject
Project("{FAE04EC0-301F-11D3-BF4B-00C04F79EFBC}") = "CotadorLogistico.Infrastructure", "backend\CotadorLogistico.Infrastructure\CotadorLogistico.Infrastructure.csproj", "{89E404E5-AC43-4536-A47E-9650AC9D3360}"
EndProject
Project("{FAE04EC0-301F-11D3-BF4B-00C04F79EFBC}") = "CotadorLogistico.Api", "backend\CotadorLogistico.Api\CotadorLogistico.Api.csproj", "{EB0E0CF3-09A2-44A5-B5ED-BF7411176833}"
EndProject
Project("{2150E333-8FDC-42A3-9474-1A3956D46DE8}") = "tests", "tests", "{0AB3BF05-4346-4AA6-1389-037BE0695223}"
EndProject
Project("{FAE04EC0-301F-11D3-BF4B-00C04F79EFBC}") = "CotadorLogistico.Tests", "tests\CotadorLogistico.Tests\CotadorLogistico.Tests.csproj", "{1A854F21-5C30-4FE2-A709-E69C552E03E9}"
EndProject
Global
	GlobalSection(SolutionConfigurationPlatforms) = preSolution
		Debug|Any CPU = Debug|Any CPU
		Debug|x64 = Debug|x64
		Debug|x86 = Debug|x86
		Release|Any CPU = Release|Any CPU
		Release|x64 = Release|x64
		Release|x86 = Release|x86
	EndGlobalSection
	GlobalSection(ProjectConfigurationPlatforms) = postSolution
		{36B99DBC-E938-4C73-A949-BE67EA26384D}.Debug|Any CPU.ActiveCfg = Debug|Any CPU
		{36B99DBC-E938-4C73-A949-BE67EA26384D}.Debug|Any CPU.Build.0 = Debug|Any CPU
		{36B99DBC-E938-4C73-A949-BE67EA26384D}.Debug|x64.ActiveCfg = Debug|Any CPU
		{36B99DBC-E938-4C73-A949-BE67EA26384D}.Debug|x64.Build.0 = Debug|Any CPU
		{36B99DBC-E938-4C73-A949-BE67EA26384D}.Debug|x86.ActiveCfg = Debug|Any CPU
		{36B99DBC-E938-4C73-A949-BE67EA26384D}.Debug|x86.Build.0 = Debug|Any CPU
		{36B99DBC-E938-4C73-A949-BE67EA26384D}.Release|Any CPU.ActiveCfg = Release|Any CPU
		{36B99DBC-E938-4C73-A949-BE67EA26384D}.Release|Any CPU.Build.0 = Release|Any CPU
		{36B99DBC-E938-4C73-A949-BE67EA26384D}.Release|x64.ActiveCfg = Release|Any CPU
		{36B99DBC-E938-4C73-A949-BE67EA26384D}.Release|x64.Build.0 = Release|Any CPU
		{36B99DBC-E938-4C73-A949-BE67EA26384D}.Release|x86.ActiveCfg = Release|Any CPU
		{36B99DBC-E938-4C73-A949-BE67EA26384D}.Release|x86.Build.0 = Release|Any CPU
		{89E404E5-AC43-4536-A47E-9650AC9D3360}.Debug|Any CPU.ActiveCfg = Debug|Any CPU
		{89E404E5-AC43-4536-A47E-9650AC9D3360}.Debug|Any CPU.Build.0 = Debug|Any CPU
		{89E404E5-AC43-4536-A47E-9650AC9D3360}.Debug|x64.ActiveCfg = Debug|Any CPU
		{89E404E5-AC43-4536-A47E-9650AC9D3360}.Debug|x64.Build.0 = Debug|Any CPU
		{89E404E5-AC43-4536-A47E-9650AC9D3360}.Debug|x86.ActiveCfg = Debug|Any CPU
		{89E404E5-AC43-4536-A47E-9650AC9D3360}.Debug|x86.Build.0 = Debug|Any CPU
		{89E404E5-AC43-4536-A47E-9650AC9D3360}.Release|Any CPU.ActiveCfg = Release|Any CPU
		{89E404E5-AC43-4536-A47E-9650AC9D3360}.Release|Any CPU.Build.0 = Release|Any CPU
		{89E404E5-AC43-4536-A47E-9650AC9D3360}.Release|x64.ActiveCfg = Release|Any CPU
		{89E404E5-AC43-4536-A47E-9650AC9D3360}.Release|x64.Build.0 = Release|Any CPU
		{89E404E5-AC43-4536-A47E-9650AC9D3360}.Release|x86.ActiveCfg = Release|Any CPU
		{89E404E5-AC43-4536-A47E-9650AC9D3360}.Release|x86.Build.0 = Release|Any CPU
		{EB0E0CF3-09A2-44A5-B5ED-BF7411176833}.Debug|Any CPU.ActiveCfg = Debug|Any CPU
		{EB0E0CF3-09A2-44A5-B5ED-BF7411176833}.Debug|Any CPU.Build.0 = Debug|Any CPU
		{EB0E0CF3-09A2-44A5-B5ED-BF7411176833}.Debug|x64.ActiveCfg = Debug|Any CPU
		{EB0E0CF3-09A2-44A5-B5ED-BF7411176833}.Debug|x64.Build.0 = Debug|Any CPU
		{EB0E0CF3-09A2-44A5-B5ED-BF7411176833}.Debug|x86.ActiveCfg = Debug|Any CPU
		{EB0E0CF3-09A2-44A5-B5ED-BF7411176833}.Debug|x86.Build.0 = Debug|Any CPU
		{EB0E0CF3-09A2-44A5-B5ED-BF7411176833}.Release|Any CPU.ActiveCfg = Release|Any CPU
		{EB0E0CF3-09A2-44A5-B5ED-BF7411176833}.Release|Any CPU.Build.0 = Release|Any CPU
		{EB0E0CF3-09A2-44A5-B5ED-BF7411176833}.Release|x64.ActiveCfg = Release|Any CPU
		{EB0E0CF3-09A2-44A5-B5ED-BF7411176833}.Release|x64.Build.0 = Release|Any CPU
		{EB0E0CF3-09A2-44A5-B5ED-BF7411176833}.Release|x86.ActiveCfg = Release|Any CPU
		{EB0E0CF3-09A2-44A5-B5ED-BF7411176833}.Release|x86.Build.0 = Release|Any CPU
		{1A854F21-5C30-4FE2-A709-E69C552E03E9}.Debug|Any CPU.ActiveCfg = Debug|Any CPU
		{1A854F21-5C30-4FE2-A709-E69C552E03E9}.Debug|Any CPU.Build.0 = Debug|Any CPU
		{1A854F21-5C30-4FE2-A709-E69C552E03E9}.Debug|x64.ActiveCfg = Debug|Any CPU
		{1A854F21-5C30-4FE2-A709-E69C552E03E9}.Debug|x64.Build.0 = Debug|Any CPU
		{1A854F21-5C30-4FE2-A709-E69C552E03E9}.Debug|x86.ActiveCfg = Debug|Any CPU
		{1A854F21-5C30-4FE2-A709-E69C552E03E9}.Debug|x86.Build.0 = Debug|Any CPU
		{1A854F21-5C30-4FE2-A709-E69C552E03E9}.Release|Any CPU.ActiveCfg = Release|Any CPU
		{1A854F21-5C30-4FE2-A709-E69C552E03E9}.Release|Any CPU.Build.0 = Release|Any CPU
		{1A854F21-5C30-4FE2-A709-E69C552E03E9}.Release|x64.ActiveCfg = Release|Any CPU
		{1A854F21-5C30-4FE2-A709-E69C552E03E9}.Release|x64.Build.0 = Release|Any CPU
		{1A854F21-5C30-4FE2-A709-E69C552E03E9}.Release|x86.ActiveCfg = Release|Any CPU
		{1A854F21-5C30-4FE2-A709-E69C552E03E9}.Release|x86.Build.0 = Release|Any CPU
	EndGlobalSection
	GlobalSection(SolutionProperties) = preSolution
		HideSolutionNode = FALSE
	EndGlobalSection
	GlobalSection(NestedProjects) = preSolution
		{36B99DBC-E938-4C73-A949-BE67EA26384D} = {1AE8ACA6-933B-BF2A-3671-3E2EAC007D16}
		{89E404E5-AC43-4536-A47E-9650AC9D3360} = {1AE8ACA6-933B-BF2A-3671-3E2EAC007D16}
		{EB0E0CF3-09A2-44A5-B5ED-BF7411176833} = {1AE8ACA6-933B-BF2A-3671-3E2EAC007D16}
		{1A854F21-5C30-4FE2-A709-E69C552E03E9} = {0AB3BF05-4346-4AA6-1389-037BE0695223}
	EndGlobalSection
EndGlobal
